
Microsoft Visual Studio Solution File, Format Version 12.00
# Visual Studio 15
VisualStudioVersion = 15.0.28307.757
MinimumVisualStudioVersion = 10.0.40219.1
Project("{FAE04EC0-301F-11D3-BF4B-00C04F79EFBC}") = "TasksEpam", "TasksEpam\TasksEpam.csproj", "{09D71B11-24F9-4447-8AA8-ECBDC5FCF961}"
EndProject
Global
	GlobalSection(SolutionConfigurationPlatforms) = preSolution
		Debug|Any CPU = Debug|Any CPU
		Release|Any CPU = Release|Any CPU
	EndGlobalSection
	GlobalSection(ProjectConfigurationPlatforms) = postSolution
		{09D71B11-24F9-4447-8AA8-ECBDC5FCF961}.Debug|Any CPU.ActiveCfg = Debug|Any CPU
		{09D71B11-24F9-4447-8AA8-ECBDC5FCF961}.Debug|Any CPU.Build.0 = Debug|Any CPU
		{09D71B11-24F9-4447-8AA8-ECBDC5FCF961}.Release|Any CPU.ActiveCfg = Release|Any CPU
		{09D71B11-24F9-4447-8AA8-ECBDC5FCF961}.Release|Any CPU.Build.0 = Release|Any CPU
	EndGlobalSection
	GlobalSection(SolutionProperties) = preSolution
		HideSolutionNode = FALSE
	EndGlobalSection
	GlobalSection(ExtensibilityGlobals) = postSolution
		SolutionGuid = {C74891B6-C6D5-43F6-8C70-4C9A44AC9737}
	EndGlobalSection
EndGlobal
